// !$*UTF8*$!
{
	archiveVersion = 1;
	classes = {
	};
	objectVersion = 46;
	objects = {

/* Begin PBXBuildFile section */
		1700BB271BDFF9CA0059AE3A /* main.m in Sources */ = {isa = PBXBuildFile; fileRef = 1700BB261BDFF9CA0059AE3A /* main.m */; };
		1700BB2A1BDFF9CA0059AE3A /* AppDelegate.m in Sources */ = {isa = PBXBuildFile; fileRef = 1700BB291BDFF9CA0059AE3A /* AppDelegate.m */; };
		1700BB301BDFF9CA0059AE3A /* Main.storyboard in Resources */ = {isa = PBXBuildFile; fileRef = 1700BB2E1BDFF9CA0059AE3A /* Main.storyboard */; };
		1700BB331BDFF9CA0059AE3A /* InstantGram.xcdatamodeld in Sources */ = {isa = PBXBuildFile; fileRef = 1700BB311BDFF9CA0059AE3A /* InstantGram.xcdatamodeld */; };
		1700BB351BDFF9CA0059AE3A /* Assets.xcassets in Resources */ = {isa = PBXBuildFile; fileRef = 1700BB341BDFF9CA0059AE3A /* Assets.xcassets */; };
		1700BB381BDFF9CA0059AE3A /* LaunchScreen.storyboard in Resources */ = {isa = PBXBuildFile; fileRef = 1700BB361BDFF9CA0059AE3A /* LaunchScreen.storyboard */; };
		1700BB431BDFF9CA0059AE3A /* InstantGramTests.m in Sources */ = {isa = PBXBuildFile; fileRef = 1700BB421BDFF9CA0059AE3A /* InstantGramTests.m */; };
		1700BB531BDFFC0D0059AE3A /* AudioToolbox.framework in Frameworks */ = {isa = PBXBuildFile; fileRef = 1700BB521BDFFC0D0059AE3A /* AudioToolbox.framework */; };
		1700BB551BDFFC1D0059AE3A /* CFNetwork.framework in Frameworks */ = {isa = PBXBuildFile; fileRef = 1700BB541BDFFC1D0059AE3A /* CFNetwork.framework */; };
		1700BB571BDFFC2B0059AE3A /* CoreGraphics.framework in Frameworks */ = {isa = PBXBuildFile; fileRef = 1700BB561BDFFC2B0059AE3A /* CoreGraphics.framework */; };
		1700BB591BDFFC390059AE3A /* CoreLocation.framework in Frameworks */ = {isa = PBXBuildFile; fileRef = 1700BB581BDFFC390059AE3A /* CoreLocation.framework */; };
		1700BB5B1BDFFC460059AE3A /* QuartzCore.framework in Frameworks */ = {isa = PBXBuildFile; fileRef = 1700BB5A1BDFFC460059AE3A /* QuartzCore.framework */; };
		1700BB5D1BDFFC520059AE3A /* Security.framework in Frameworks */ = {isa = PBXBuildFile; fileRef = 1700BB5C1BDFFC520059AE3A /* Security.framework */; };
		1700BB5F1BDFFC6B0059AE3A /* StoreKit.framework in Frameworks */ = {isa = PBXBuildFile; fileRef = 1700BB5E1BDFFC6B0059AE3A /* StoreKit.framework */; };
		1700BB611BDFFC7F0059AE3A /* SystemConfiguration.framework in Frameworks */ = {isa = PBXBuildFile; fileRef = 1700BB601BDFFC7F0059AE3A /* SystemConfiguration.framework */; };
		1700BB631BDFFCFA0059AE3A /* libz.1.dylib in Frameworks */ = {isa = PBXBuildFile; fileRef = 1700BB621BDFFCFA0059AE3A /* libz.1.dylib */; };
		1700BB651BDFFD2D0059AE3A /* libsqlite3.dylib in Frameworks */ = {isa = PBXBuildFile; fileRef = 1700BB641BDFFD2D0059AE3A /* libsqlite3.dylib */; };
		1700BB671BE009660059AE3A /* Parse.framework in Frameworks */ = {isa = PBXBuildFile; fileRef = 1700BB661BE009660059AE3A /* Parse.framework */; };
		1700BB691BE009A00059AE3A /* Bolts.framework in Frameworks */ = {isa = PBXBuildFile; fileRef = 1700BB681BE009A00059AE3A /* Bolts.framework */; };
		1700BB921BE03C2F0059AE3A /* ActivityViewController.m in Sources */ = {isa = PBXBuildFile; fileRef = 1700BB911BE03C2F0059AE3A /* ActivityViewController.m */; };
		1700BB9E1BE042A10059AE3A /* ProfileViewController.m in Sources */ = {isa = PBXBuildFile; fileRef = 1700BB9D1BE042A10059AE3A /* ProfileViewController.m */; };
		1700BBA11BE044340059AE3A /* CameraViewController.m in Sources */ = {isa = PBXBuildFile; fileRef = 1700BBA01BE044340059AE3A /* CameraViewController.m */; };
		1700BBA41BE044570059AE3A /* SearchViewController.m in Sources */ = {isa = PBXBuildFile; fileRef = 1700BBA31BE044570059AE3A /* SearchViewController.m */; };
		4EA645671BE1576E0081B1F7 /* Photo.m in Sources */ = {isa = PBXBuildFile; fileRef = 4EA645661BE1576E0081B1F7 /* Photo.m */; };
		4EA6456A1BE157EB0081B1F7 /* PhotoViewController.m in Sources */ = {isa = PBXBuildFile; fileRef = 4EA645691BE157EB0081B1F7 /* PhotoViewController.m */; };
/* End PBXBuildFile section */

/* Begin PBXContainerItemProxy section */
		1700BB3F1BDFF9CA0059AE3A /* PBXContainerItemProxy */ = {
			isa = PBXContainerItemProxy;
			containerPortal = 1700BB1A1BDFF9CA0059AE3A /* Project object */;
			proxyType = 1;
			remoteGlobalIDString = 1700BB211BDFF9CA0059AE3A;
			remoteInfo = InstantGram;
		};
/* End PBXContainerItemProxy section */

/* Begin PBXFileReference section */
		1700BB221BDFF9CA0059AE3A /* InstantGram.app */ = {isa = PBXFileReference; explicitFileType = wrapper.application; includeInIndex = 0; path = InstantGram.app; sourceTree = BUILT_PRODUCTS_DIR; };
		1700BB261BDFF9CA0059AE3A /* main.m */ = {isa = PBXFileReference; lastKnownFileType = sourcecode.c.objc; path = main.m; sourceTree = "<group>"; };
		1700BB281BDFF9CA0059AE3A /* AppDelegate.h */ = {isa = PBXFileReference; lastKnownFileType = sourcecode.c.h; path = AppDelegate.h; sourceTree = "<group>"; };
		1700BB291BDFF9CA0059AE3A /* AppDelegate.m */ = {isa = PBXFileReference; lastKnownFileType = sourcecode.c.objc; path = AppDelegate.m; sourceTree = "<group>"; };
		1700BB2F1BDFF9CA0059AE3A /* Base */ = {isa = PBXFileReference; lastKnownFileType = file.storyboard; name = Base; path = Base.lproj/Main.storyboard; sourceTree = "<group>"; };
		1700BB321BDFF9CA0059AE3A /* InstantGram.xcdatamodel */ = {isa = PBXFileReference; lastKnownFileType = wrapper.xcdatamodel; path = InstantGram.xcdatamodel; sourceTree = "<group>"; };
		1700BB341BDFF9CA0059AE3A /* Assets.xcassets */ = {isa = PBXFileReference; lastKnownFileType = folder.assetcatalog; path = Assets.xcassets; sourceTree = "<group>"; };
		1700BB371BDFF9CA0059AE3A /* Base */ = {isa = PBXFileReference; lastKnownFileType = file.storyboard; name = Base; path = Base.lproj/LaunchScreen.storyboard; sourceTree = "<group>"; };
		1700BB391BDFF9CA0059AE3A /* Info.plist */ = {isa = PBXFileReference; lastKnownFileType = text.plist.xml; path = Info.plist; sourceTree = "<group>"; };
		1700BB3E1BDFF9CA0059AE3A /* InstantGramTests.xctest */ = {isa = PBXFileReference; explicitFileType = wrapper.cfbundle; includeInIndex = 0; path = InstantGramTests.xctest; sourceTree = BUILT_PRODUCTS_DIR; };
		1700BB421BDFF9CA0059AE3A /* InstantGramTests.m */ = {isa = PBXFileReference; lastKnownFileType = sourcecode.c.objc; path = InstantGramTests.m; sourceTree = "<group>"; };
		1700BB441BDFF9CA0059AE3A /* Info.plist */ = {isa = PBXFileReference; lastKnownFileType = text.plist.xml; path = Info.plist; sourceTree = "<group>"; };
		1700BB521BDFFC0D0059AE3A /* AudioToolbox.framework */ = {isa = PBXFileReference; lastKnownFileType = wrapper.framework; name = AudioToolbox.framework; path = System/Library/Frameworks/AudioToolbox.framework; sourceTree = SDKROOT; };
		1700BB541BDFFC1D0059AE3A /* CFNetwork.framework */ = {isa = PBXFileReference; lastKnownFileType = wrapper.framework; name = CFNetwork.framework; path = System/Library/Frameworks/CFNetwork.framework; sourceTree = SDKROOT; };
		1700BB561BDFFC2B0059AE3A /* CoreGraphics.framework */ = {isa = PBXFileReference; lastKnownFileType = wrapper.framework; name = CoreGraphics.framework; path = System/Library/Frameworks/CoreGraphics.framework; sourceTree = SDKROOT; };
		1700BB581BDFFC390059AE3A /* CoreLocation.framework */ = {isa = PBXFileReference; lastKnownFileType = wrapper.framework; name = CoreLocation.framework; path = System/Library/Frameworks/CoreLocation.framework; sourceTree = SDKROOT; };
		1700BB5A1BDFFC460059AE3A /* QuartzCore.framework */ = {isa = PBXFileReference; lastKnownFileType = wrapper.framework; name = QuartzCore.framework; path = System/Library/Frameworks/QuartzCore.framework; sourceTree = SDKROOT; };
		1700BB5C1BDFFC520059AE3A /* Security.framework */ = {isa = PBXFileReference; lastKnownFileType = wrapper.framework; name = Security.framework; path = System/Library/Frameworks/Security.framework; sourceTree = SDKROOT; };
		1700BB5E1BDFFC6B0059AE3A /* StoreKit.framework */ = {isa = PBXFileReference; lastKnownFileType = wrapper.framework; name = StoreKit.framework; path = System/Library/Frameworks/StoreKit.framework; sourceTree = SDKROOT; };
		1700BB601BDFFC7F0059AE3A /* SystemConfiguration.framework */ = {isa = PBXFileReference; lastKnownFileType = wrapper.framework; name = SystemConfiguration.framework; path = System/Library/Frameworks/SystemConfiguration.framework; sourceTree = SDKROOT; };
		1700BB621BDFFCFA0059AE3A /* libz.1.dylib */ = {isa = PBXFileReference; lastKnownFileType = "compiled.mach-o.dylib"; name = libz.1.dylib; path = /usr/lib/libz.1.dylib; sourceTree = "<absolute>"; };
		1700BB641BDFFD2D0059AE3A /* libsqlite3.dylib */ = {isa = PBXFileReference; lastKnownFileType = "compiled.mach-o.dylib"; name = libsqlite3.dylib; path = /usr/lib/libsqlite3.dylib; sourceTree = "<absolute>"; };
		1700BB661BE009660059AE3A /* Parse.framework */ = {isa = PBXFileReference; lastKnownFileType = wrapper.framework; path = Parse.framework; sourceTree = "<group>"; };
		1700BB681BE009A00059AE3A /* Bolts.framework */ = {isa = PBXFileReference; lastKnownFileType = wrapper.framework; path = Bolts.framework; sourceTree = "<group>"; };
		1700BB901BE03C2F0059AE3A /* ActivityViewController.h */ = {isa = PBXFileReference; fileEncoding = 4; lastKnownFileType = sourcecode.c.h; path = ActivityViewController.h; sourceTree = "<group>"; };
		1700BB911BE03C2F0059AE3A /* ActivityViewController.m */ = {isa = PBXFileReference; fileEncoding = 4; lastKnownFileType = sourcecode.c.objc; path = ActivityViewController.m; sourceTree = "<group>"; };
		1700BB9C1BE042A10059AE3A /* ProfileViewController.h */ = {isa = PBXFileReference; fileEncoding = 4; lastKnownFileType = sourcecode.c.h; path = ProfileViewController.h; sourceTree = "<group>"; };
		1700BB9D1BE042A10059AE3A /* ProfileViewController.m */ = {isa = PBXFileReference; fileEncoding = 4; lastKnownFileType = sourcecode.c.objc; path = ProfileViewController.m; sourceTree = "<group>"; };
		1700BB9F1BE044340059AE3A /* CameraViewController.h */ = {isa = PBXFileReference; fileEncoding = 4; lastKnownFileType = sourcecode.c.h; path = CameraViewController.h; sourceTree = "<group>"; };
		1700BBA01BE044340059AE3A /* CameraViewController.m */ = {isa = PBXFileReference; fileEncoding = 4; lastKnownFileType = sourcecode.c.objc; path = CameraViewController.m; sourceTree = "<group>"; };
		1700BBA21BE044570059AE3A /* SearchViewController.h */ = {isa = PBXFileReference; fileEncoding = 4; lastKnownFileType = sourcecode.c.h; path = SearchViewController.h; sourceTree = "<group>"; };
		1700BBA31BE044570059AE3A /* SearchViewController.m */ = {isa = PBXFileReference; fileEncoding = 4; lastKnownFileType = sourcecode.c.objc; path = SearchViewController.m; sourceTree = "<group>"; };
		4EA645651BE1576E0081B1F7 /* Photo.h */ = {isa = PBXFileReference; fileEncoding = 4; lastKnownFileType = sourcecode.c.h; path = Photo.h; sourceTree = "<group>"; };
		4EA645661BE1576E0081B1F7 /* Photo.m */ = {isa = PBXFileReference; fileEncoding = 4; lastKnownFileType = sourcecode.c.objc; path = Photo.m; sourceTree = "<group>"; };
		4EA645681BE157EB0081B1F7 /* PhotoViewController.h */ = {isa = PBXFileReference; fileEncoding = 4; lastKnownFileType = sourcecode.c.h; path = PhotoViewController.h; sourceTree = "<group>"; };
		4EA645691BE157EB0081B1F7 /* PhotoViewController.m */ = {isa = PBXFileReference; fileEncoding = 4; lastKnownFileType = sourcecode.c.objc; path = PhotoViewController.m; sourceTree = "<group>"; };
/* End PBXFileReference section */

/* Begin PBXFrameworksBuildPhase section */
		1700BB1F1BDFF9CA0059AE3A /* Frameworks */ = {
			isa = PBXFrameworksBuildPhase;
			buildActionMask = 2147483647;
			files = (
				1700BB651BDFFD2D0059AE3A /* libsqlite3.dylib in Frameworks */,
				1700BB631BDFFCFA0059AE3A /* libz.1.dylib in Frameworks */,
				1700BB611BDFFC7F0059AE3A /* SystemConfiguration.framework in Frameworks */,
				1700BB691BE009A00059AE3A /* Bolts.framework in Frameworks */,
				1700BB5F1BDFFC6B0059AE3A /* StoreKit.framework in Frameworks */,
				1700BB5D1BDFFC520059AE3A /* Security.framework in Frameworks */,
				1700BB5B1BDFFC460059AE3A /* QuartzCore.framework in Frameworks */,
				1700BB591BDFFC390059AE3A /* CoreLocation.framework in Frameworks */,
				1700BB571BDFFC2B0059AE3A /* CoreGraphics.framework in Frameworks */,
				1700BB551BDFFC1D0059AE3A /* CFNetwork.framework in Frameworks */,
				1700BB531BDFFC0D0059AE3A /* AudioToolbox.framework in Frameworks */,
				1700BB671BE009660059AE3A /* Parse.framework in Frameworks */,
			);
			runOnlyForDeploymentPostprocessing = 0;
		};
		1700BB3B1BDFF9CA0059AE3A /* Frameworks */ = {
			isa = PBXFrameworksBuildPhase;
			buildActionMask = 2147483647;
			files = (
			);
			runOnlyForDeploymentPostprocessing = 0;
		};
/* End PBXFrameworksBuildPhase section */

/* Begin PBXGroup section */
		1700BB191BDFF9CA0059AE3A = {
			isa = PBXGroup;
			children = (
				1700BB241BDFF9CA0059AE3A /* InstantGram */,
				1700BB411BDFF9CA0059AE3A /* InstantGramTests */,
				1700BB231BDFF9CA0059AE3A /* Products */,
			);
			sourceTree = "<group>";
		};
		1700BB231BDFF9CA0059AE3A /* Products */ = {
			isa = PBXGroup;
			children = (
				1700BB221BDFF9CA0059AE3A /* InstantGram.app */,
				1700BB3E1BDFF9CA0059AE3A /* InstantGramTests.xctest */,
			);
			name = Products;
			sourceTree = "<group>";
		};
		1700BB241BDFF9CA0059AE3A /* InstantGram */ = {
			isa = PBXGroup;
			children = (
				1700BB2E1BDFF9CA0059AE3A /* Main.storyboard */,
				4EA645651BE1576E0081B1F7 /* Photo.h */,
				4EA645661BE1576E0081B1F7 /* Photo.m */,
				1700BB281BDFF9CA0059AE3A /* AppDelegate.h */,
				1700BB291BDFF9CA0059AE3A /* AppDelegate.m */,
				1700BB341BDFF9CA0059AE3A /* Assets.xcassets */,
				17F6E8201BE1A81100E5CC79 /* View Controllers */,
				1700BB4D1BDFFB870059AE3A /* Parse */,
				1700BB251BDFF9CA0059AE3A /* Supporting Files */,
			);
			path = InstantGram;
			sourceTree = "<group>";
		};
		1700BB251BDFF9CA0059AE3A /* Supporting Files */ = {
			isa = PBXGroup;
			children = (
				1700BB361BDFF9CA0059AE3A /* LaunchScreen.storyboard */,
				1700BB391BDFF9CA0059AE3A /* Info.plist */,
				1700BB311BDFF9CA0059AE3A /* InstantGram.xcdatamodeld */,
				1700BB261BDFF9CA0059AE3A /* main.m */,
			);
			name = "Supporting Files";
			sourceTree = "<group>";
		};
		1700BB411BDFF9CA0059AE3A /* InstantGramTests */ = {
			isa = PBXGroup;
			children = (
				1700BB421BDFF9CA0059AE3A /* InstantGramTests.m */,
				1700BB441BDFF9CA0059AE3A /* Info.plist */,
			);
			path = InstantGramTests;
			sourceTree = "<group>";
		};
		1700BB4D1BDFFB870059AE3A /* Parse */ = {
			isa = PBXGroup;
			children = (
				1700BB641BDFFD2D0059AE3A /* libsqlite3.dylib */,
				1700BB621BDFFCFA0059AE3A /* libz.1.dylib */,
				1700BB681BE009A00059AE3A /* Bolts.framework */,
				1700BB661BE009660059AE3A /* Parse.framework */,
				1700BB601BDFFC7F0059AE3A /* SystemConfiguration.framework */,
				1700BB5E1BDFFC6B0059AE3A /* StoreKit.framework */,
				1700BB5C1BDFFC520059AE3A /* Security.framework */,
				1700BB5A1BDFFC460059AE3A /* QuartzCore.framework */,
				1700BB581BDFFC390059AE3A /* CoreLocation.framework */,
				1700BB561BDFFC2B0059AE3A /* CoreGraphics.framework */,
				1700BB541BDFFC1D0059AE3A /* CFNetwork.framework */,
				1700BB521BDFFC0D0059AE3A /* AudioToolbox.framework */,
			);
			name = Parse;
			sourceTree = "<group>";
		};
		17F6E8201BE1A81100E5CC79 /* View Controllers */ = {
			isa = PBXGroup;
			children = (
				1700BB901BE03C2F0059AE3A /* ActivityViewController.h */,
				1700BB911BE03C2F0059AE3A /* ActivityViewController.m */,
				1700BBA21BE044570059AE3A /* SearchViewController.h */,
				1700BBA31BE044570059AE3A /* SearchViewController.m */,
				1700BB9F1BE044340059AE3A /* CameraViewController.h */,
				1700BBA01BE044340059AE3A /* CameraViewController.m */,
				4EA645681BE157EB0081B1F7 /* PhotoViewController.h */,
				4EA645691BE157EB0081B1F7 /* PhotoViewController.m */,
				1700BB9C1BE042A10059AE3A /* ProfileViewController.h */,
				1700BB9D1BE042A10059AE3A /* ProfileViewController.m */,
			);
			name = "View Controllers";
			sourceTree = "<group>";
		};
/* End PBXGroup section */

/* Begin PBXNativeTarget section */
		1700BB211BDFF9CA0059AE3A /* InstantGram */ = {
			isa = PBXNativeTarget;
			buildConfigurationList = 1700BB471BDFF9CA0059AE3A /* Build configuration list for PBXNativeTarget "InstantGram" */;
			buildPhases = (
				1700BB1E1BDFF9CA0059AE3A /* Sources */,
				1700BB1F1BDFF9CA0059AE3A /* Frameworks */,
				1700BB201BDFF9CA0059AE3A /* Resources */,
			);
			buildRules = (
			);
			dependencies = (
			);
			name = InstantGram;
			productName = InstantGram;
			productReference = 1700BB221BDFF9CA0059AE3A /* InstantGram.app */;
			productType = "com.apple.product-type.application";
		};
		1700BB3D1BDFF9CA0059AE3A /* InstantGramTests */ = {
			isa = PBXNativeTarget;
			buildConfigurationList = 1700BB4A1BDFF9CA0059AE3A /* Build configuration list for PBXNativeTarget "InstantGramTests" */;
			buildPhases = (
				1700BB3A1BDFF9CA0059AE3A /* Sources */,
				1700BB3B1BDFF9CA0059AE3A /* Frameworks */,
				1700BB3C1BDFF9CA0059AE3A /* Resources */,
			);
			buildRules = (
			);
			dependencies = (
				1700BB401BDFF9CA0059AE3A /* PBXTargetDependency */,
			);
			name = InstantGramTests;
			productName = InstantGramTests;
			productReference = 1700BB3E1BDFF9CA0059AE3A /* InstantGramTests.xctest */;
			productType = "com.apple.product-type.bundle.unit-test";
		};
/* End PBXNativeTarget section */

/* Begin PBXProject section */
		1700BB1A1BDFF9CA0059AE3A /* Project object */ = {
			isa = PBXProject;
			attributes = {
				LastUpgradeCheck = 0710;
				ORGANIZATIONNAME = "Paul Kitchener";
				TargetAttributes = {
					1700BB211BDFF9CA0059AE3A = {
						CreatedOnToolsVersion = 7.1;
						DevelopmentTeam = MT7PJU4GKL;
					};
					1700BB3D1BDFF9CA0059AE3A = {
						CreatedOnToolsVersion = 7.1;
						DevelopmentTeam = MT7PJU4GKL;
						TestTargetID = 1700BB211BDFF9CA0059AE3A;
					};
				};
			};
			buildConfigurationList = 1700BB1D1BDFF9CA0059AE3A /* Build configuration list for PBXProject "InstantGram" */;
			compatibilityVersion = "Xcode 3.2";
			developmentRegion = English;
			hasScannedForEncodings = 0;
			knownRegions = (
				en,
				Base,
			);
			mainGroup = 1700BB191BDFF9CA0059AE3A;
			productRefGroup = 1700BB231BDFF9CA0059AE3A /* Products */;
			projectDirPath = "";
			projectRoot = "";
			targets = (
				1700BB211BDFF9CA0059AE3A /* InstantGram */,
				1700BB3D1BDFF9CA0059AE3A /* InstantGramTests */,
			);
		};
/* End PBXProject section */

/* Begin PBXResourcesBuildPhase section */
		1700BB201BDFF9CA0059AE3A /* Resources */ = {
			isa = PBXResourcesBuildPhase;
			buildActionMask = 2147483647;
			files = (
				1700BB381BDFF9CA0059AE3A /* LaunchScreen.storyboard in Resources */,
				1700BB351BDFF9CA0059AE3A /* Assets.xcassets in Resources */,
				1700BB301BDFF9CA0059AE3A /* Main.storyboard in Resources */,
			);
			runOnlyForDeploymentPostprocessing = 0;
		};
		1700BB3C1BDFF9CA0059AE3A /* Resources */ = {
			isa = PBXResourcesBuildPhase;
			buildActionMask = 2147483647;
			files = (
			);
			runOnlyForDeploymentPostprocessing = 0;
		};
/* End PBXResourcesBuildPhase section */

/* Begin PBXSourcesBuildPhase section */
		1700BB1E1BDFF9CA0059AE3A /* Sources */ = {
			isa = PBXSourcesBuildPhase;
			buildActionMask = 2147483647;
			files = (
				1700BB331BDFF9CA0059AE3A /* InstantGram.xcdatamodeld in Sources */,
				1700BB2A1BDFF9CA0059AE3A /* AppDelegate.m in Sources */,
				1700BB9E1BE042A10059AE3A /* ProfileViewController.m in Sources */,
				1700BBA11BE044340059AE3A /* CameraViewController.m in Sources */,
				4EA645671BE1576E0081B1F7 /* Photo.m in Sources */,
				1700BB271BDFF9CA0059AE3A /* main.m in Sources */,
				4EA6456A1BE157EB0081B1F7 /* PhotoViewController.m in Sources */,
				1700BB921BE03C2F0059AE3A /* ActivityViewController.m in Sources */,
				1700BBA41BE044570059AE3A /* SearchViewController.m in Sources */,
			);
			runOnlyForDeploymentPostprocessing = 0;
		};
		1700BB3A1BDFF9CA0059AE3A /* Sources */ = {
			isa = PBXSourcesBuildPhase;
			buildActionMask = 2147483647;
			files = (
				1700BB431BDFF9CA0059AE3A /* InstantGramTests.m in Sources */,
			);
			runOnlyForDeploymentPostprocessing = 0;
		};
/* End PBXSourcesBuildPhase section */

/* Begin PBXTargetDependency section */
		1700BB401BDFF9CA0059AE3A /* PBXTargetDependency */ = {
			isa = PBXTargetDependency;
			target = 1700BB211BDFF9CA0059AE3A /* InstantGram */;
			targetProxy = 1700BB3F1BDFF9CA0059AE3A /* PBXContainerItemProxy */;
		};
/* End PBXTargetDependency section */

/* Begin PBXVariantGroup section */
		1700BB2E1BDFF9CA0059AE3A /* Main.storyboard */ = {
			isa = PBXVariantGroup;
			children = (
				1700BB2F1BDFF9CA0059AE3A /* Base */,
			);
			name = Main.storyboard;
			sourceTree = "<group>";
		};
		1700BB361BDFF9CA0059AE3A /* LaunchScreen.storyboard */ = {
			isa = PBXVariantGroup;
			children = (
				1700BB371BDFF9CA0059AE3A /* Base */,
			);
			name = LaunchScreen.storyboard;
			sourceTree = "<group>";
		};
/* End PBXVariantGroup section */

/* Begin XCBuildConfiguration section */
		1700BB451BDFF9CA0059AE3A /* Debug */ = {
			isa = XCBuildConfiguration;
			buildSettings = {
				ALWAYS_SEARCH_USER_PATHS = NO;
				CLANG_CXX_LANGUAGE_STANDARD = "gnu++0x";
				CLANG_CXX_LIBRARY = "libc++";
				CLANG_ENABLE_MODULES = YES;
				CLANG_ENABLE_OBJC_ARC = YES;
				CLANG_WARN_BOOL_CONVERSION = YES;
				CLANG_WARN_CONSTANT_CONVERSION = YES;
				CLANG_WARN_DIRECT_OBJC_ISA_USAGE = YES_ERROR;
				CLANG_WARN_EMPTY_BODY = YES;
				CLANG_WARN_ENUM_CONVERSION = YES;
				CLANG_WARN_INT_CONVERSION = YES;
				CLANG_WARN_OBJC_ROOT_CLASS = YES_ERROR;
				CLANG_WARN_UNREACHABLE_CODE = YES;
				CLANG_WARN__DUPLICATE_METHOD_MATCH = YES;
				"CODE_SIGN_IDENTITY[sdk=iphoneos*]" = "iPhone Developer";
				COPY_PHASE_STRIP = NO;
				DEBUG_INFORMATION_FORMAT = dwarf;
				ENABLE_STRICT_OBJC_MSGSEND = YES;
				ENABLE_TESTABILITY = YES;
				GCC_C_LANGUAGE_STANDARD = gnu99;
				GCC_DYNAMIC_NO_PIC = NO;
				GCC_NO_COMMON_BLOCKS = YES;
				GCC_OPTIMIZATION_LEVEL = 0;
				GCC_PREPROCESSOR_DEFINITIONS = (
					"DEBUG=1",
					"$(inherited)",
				);
				GCC_WARN_64_TO_32_BIT_CONVERSION = YES;
				GCC_WARN_ABOUT_RETURN_TYPE = YES_ERROR;
				GCC_WARN_UNDECLARED_SELECTOR = YES;
				GCC_WARN_UNINITIALIZED_AUTOS = YES_AGGRESSIVE;
				GCC_WARN_UNUSED_FUNCTION = YES;
				GCC_WARN_UNUSED_VARIABLE = YES;
				IPHONEOS_DEPLOYMENT_TARGET = 9.1;
				MTL_ENABLE_DEBUG_INFO = YES;
				ONLY_ACTIVE_ARCH = YES;
				SDKROOT = iphoneos;
			};
			name = Debug;
		};
		1700BB461BDFF9CA0059AE3A /* Release */ = {
			isa = XCBuildConfiguration;
			buildSettings = {
				ALWAYS_SEARCH_USER_PATHS = NO;
				CLANG_CXX_LANGUAGE_STANDARD = "gnu++0x";
				CLANG_CXX_LIBRARY = "libc++";
				CLANG_ENABLE_MODULES = YES;
				CLANG_ENABLE_OBJC_ARC = YES;
				CLANG_WARN_BOOL_CONVERSION = YES;
				CLANG_WARN_CONSTANT_CONVERSION = YES;
				CLANG_WARN_DIRECT_OBJC_ISA_USAGE = YES_ERROR;
				CLANG_WARN_EMPTY_BODY = YES;
				CLANG_WARN_ENUM_CONVERSION = YES;
				CLANG_WARN_INT_CONVERSION = YES;
				CLANG_WARN_OBJC_ROOT_CLASS = YES_ERROR;
				CLANG_WARN_UNREACHABLE_CODE = YES;
				CLANG_WARN__DUPLICATE_METHOD_MATCH = YES;
				"CODE_SIGN_IDENTITY[sdk=iphoneos*]" = "iPhone Developer";
				COPY_PHASE_STRIP = NO;
				DEBUG_INFORMATION_FORMAT = "dwarf-with-dsym";
				ENABLE_NS_ASSERTIONS = NO;
				ENABLE_STRICT_OBJC_MSGSEND = YES;
				GCC_C_LANGUAGE_STANDARD = gnu99;
				GCC_NO_COMMON_BLOCKS = YES;
				GCC_WARN_64_TO_32_BIT_CONVERSION = YES;
				GCC_WARN_ABOUT_RETURN_TYPE = YES_ERROR;
				GCC_WARN_UNDECLARED_SELECTOR = YES;
				GCC_WARN_UNINITIALIZED_AUTOS = YES_AGGRESSIVE;
				GCC_WARN_UNUSED_FUNCTION = YES;
				GCC_WARN_UNUSED_VARIABLE = YES;
				IPHONEOS_DEPLOYMENT_TARGET = 9.1;
				MTL_ENABLE_DEBUG_INFO = NO;
				SDKROOT = iphoneos;
				VALIDATE_PRODUCT = YES;
			};
			name = Release;
		};
		1700BB481BDFF9CA0059AE3A /* Debug */ = {
			isa = XCBuildConfiguration;
			buildSettings = {
				ASSETCATALOG_COMPILER_APPICON_NAME = AppIcon;
				CODE_SIGN_IDENTITY = "iPhone Developer";
				"CODE_SIGN_IDENTITY[sdk=iphoneos*]" = "iPhone Developer";
				FRAMEWORK_SEARCH_PATHS = (
					"$(inherited)",
					"$(PROJECT_DIR)/InstantGram",
				);
				INFOPLIST_FILE = InstantGram/Info.plist;
				LD_RUNPATH_SEARCH_PATHS = "$(inherited) @executable_path/Frameworks";
				PRODUCT_BUNDLE_IDENTIFIER = paulkitchener.InstantGram;
				PRODUCT_NAME = "$(TARGET_NAME)";
				PROVISIONING_PROFILE = "";
			};
			name = Debug;
		};
		1700BB491BDFF9CA0059AE3A /* Release */ = {
			isa = XCBuildConfiguration;
			buildSettings = {
				ASSETCATALOG_COMPILER_APPICON_NAME = AppIcon;
				CODE_SIGN_IDENTITY = "iPhone Developer";
				"CODE_SIGN_IDENTITY[sdk=iphoneos*]" = "iPhone Developer";
				FRAMEWORK_SEARCH_PATHS = (
					"$(inherited)",
					"$(PROJECT_DIR)/InstantGram",
				);
				INFOPLIST_FILE = InstantGram/Info.plist;
				LD_RUNPATH_SEARCH_PATHS = "$(inherited) @executable_path/Frameworks";
				PRODUCT_BUNDLE_IDENTIFIER = paulkitchener.InstantGram;
				PRODUCT_NAME = "$(TARGET_NAME)";
				PROVISIONING_PROFILE = "";
			};
			name = Release;
		};
		1700BB4B1BDFF9CA0059AE3A /* Debug */ = {
			isa = XCBuildConfiguration;
			buildSettings = {
				BUNDLE_LOADER = "$(TEST_HOST)";
				INFOPLIST_FILE = InstantGramTests/Info.plist;
				IPHONEOS_DEPLOYMENT_TARGET = 9.1;
				LD_RUNPATH_SEARCH_PATHS = "$(inherited) @executable_path/Frameworks @loader_path/Frameworks";
				PRODUCT_BUNDLE_IDENTIFIER = paulkitchener.InstantGramTests;
				PRODUCT_NAME = "$(TARGET_NAME)";
				TEST_HOST = "$(BUILT_PRODUCTS_DIR)/InstantGram.app/InstantGram";
			};
			name = Debug;
		};
		1700BB4C1BDFF9CA0059AE3A /* Release */ = {
			isa = XCBuildConfiguration;
			buildSettings = {
				BUNDLE_LOADER = "$(TEST_HOST)";
				INFOPLIST_FILE = InstantGramTests/Info.plist;
				IPHONEOS_DEPLOYMENT_TARGET = 9.1;
				LD_RUNPATH_SEARCH_PATHS = "$(inherited) @executable_path/Frameworks @loader_path/Frameworks";
				PRODUCT_BUNDLE_IDENTIFIER = paulkitchener.InstantGramTests;
				PRODUCT_NAME = "$(TARGET_NAME)";
				TEST_HOST = "$(BUILT_PRODUCTS_DIR)/InstantGram.app/InstantGram";
			};
			name = Release;
		};
/* End XCBuildConfiguration section */

/* Begin XCConfigurationList section */
		1700BB1D1BDFF9CA0059AE3A /* Build configuration list for PBXProject "InstantGram" */ = {
			isa = XCConfigurationList;
			buildConfigurations = (
				1700BB451BDFF9CA0059AE3A /* Debug */,
				1700BB461BDFF9CA0059AE3A /* Release */,
			);
			defaultConfigurationIsVisible = 0;
			defaultConfigurationName = Release;
		};
		1700BB471BDFF9CA0059AE3A /* Build configuration list for PBXNativeTarget "InstantGram" */ = {
			isa = XCConfigurationList;
			buildConfigurations = (
				1700BB481BDFF9CA0059AE3A /* Debug */,
				1700BB491BDFF9CA0059AE3A /* Release */,
			);
			defaultConfigurationIsVisible = 0;
			defaultConfigurationName = Release;
		};
		1700BB4A1BDFF9CA0059AE3A /* Build configuration list for PBXNativeTarget "InstantGramTests" */ = {
			isa = XCConfigurationList;
			buildConfigurations = (
				1700BB4B1BDFF9CA0059AE3A /* Debug */,
				1700BB4C1BDFF9CA0059AE3A /* Release */,
			);
			defaultConfigurationIsVisible = 0;
			defaultConfigurationName = Release;
		};
/* End XCConfigurationList section */

/* Begin XCVersionGroup section */
		1700BB311BDFF9CA0059AE3A /* InstantGram.xcdatamodeld */ = {
			isa = XCVersionGroup;
			children = (
				1700BB321BDFF9CA0059AE3A /* InstantGram.xcdatamodel */,
			);
			currentVersion = 1700BB321BDFF9CA0059AE3A /* InstantGram.xcdatamodel */;
			path = InstantGram.xcdatamodeld;
			sourceTree = "<group>";
			versionGroupType = wrapper.xcdatamodel;
		};
/* End XCVersionGroup section */
	};
	rootObject = 1700BB1A1BDFF9CA0059AE3A /* Project object */;
}
